// !$*UTF8*$!
{
	archiveVersion = 1;
	classes = {
	};
	objectVersion = 46;
	objects = {

/* Begin PBXBuildFile section */
		22091D501D59751C001266CA /* main.m in Sources */ = {isa = PBXBuildFile; fileRef = 22091D4F1D59751C001266CA /* main.m */; };
		22091D531D59751C001266CA /* AppDelegate.m in Sources */ = {isa = PBXBuildFile; fileRef = 22091D521D59751C001266CA /* AppDelegate.m */; };
		22091D561D59751C001266CA /* ViewController.m in Sources */ = {isa = PBXBuildFile; fileRef = 22091D551D59751C001266CA /* ViewController.m */; };
		22091D591D59751C001266CA /* Main.storyboard in Resources */ = {isa = PBXBuildFile; fileRef = 22091D571D59751C001266CA /* Main.storyboard */; };
		22091D5B1D59751C001266CA /* Assets.xcassets in Resources */ = {isa = PBXBuildFile; fileRef = 22091D5A1D59751C001266CA /* Assets.xcassets */; };
		22091D5E1D59751C001266CA /* LaunchScreen.storyboard in Resources */ = {isa = PBXBuildFile; fileRef = 22091D5C1D59751C001266CA /* LaunchScreen.storyboard */; };
		22091D6D1D59811B001266CA /* UIView+Frame.m in Sources */ = {isa = PBXBuildFile; fileRef = 22091D6C1D59811B001266CA /* UIView+Frame.m */; };
		22091D741D59BC7F001266CA /* CustomTableViewCell.m in Sources */ = {isa = PBXBuildFile; fileRef = 22091D721D59BC7F001266CA /* CustomTableViewCell.m */; };
		22091D751D59BC7F001266CA /* CustomTableViewCell.xib in Resources */ = {isa = PBXBuildFile; fileRef = 22091D731D59BC7F001266CA /* CustomTableViewCell.xib */; };
		225097BD1DAC83CB0003E1FF /* RSATool.m in Sources */ = {isa = PBXBuildFile; fileRef = 225097BC1DAC83CB0003E1FF /* RSATool.m */; };
		225097C01DAC87180003E1FF /* Security.framework in Frameworks */ = {isa = PBXBuildFile; fileRef = 225097BF1DAC87180003E1FF /* Security.framework */; };
		225098171DACAB5F0003E1FF /* Base64.m in Sources */ = {isa = PBXBuildFile; fileRef = 225098141DACAB5F0003E1FF /* Base64.m */; };
		228ADA121D5F28370084A827 /* 1.jpg in Resources */ = {isa = PBXBuildFile; fileRef = 228ADA0B1D5F28370084A827 /* 1.jpg */; };
		228ADA131D5F28370084A827 /* 2.jpg in Resources */ = {isa = PBXBuildFile; fileRef = 228ADA0C1D5F28370084A827 /* 2.jpg */; };
		228ADA141D5F28370084A827 /* 3.jpg in Resources */ = {isa = PBXBuildFile; fileRef = 228ADA0D1D5F28370084A827 /* 3.jpg */; };
		228ADA151D5F28370084A827 /* 4.jpg in Resources */ = {isa = PBXBuildFile; fileRef = 228ADA0E1D5F28370084A827 /* 4.jpg */; };
		228ADA161D5F28370084A827 /* 5.jpg in Resources */ = {isa = PBXBuildFile; fileRef = 228ADA0F1D5F28370084A827 /* 5.jpg */; };
		228ADA171D5F28370084A827 /* 6.jpg in Resources */ = {isa = PBXBuildFile; fileRef = 228ADA101D5F28370084A827 /* 6.jpg */; };
		228ADA181D5F28370084A827 /* 7.jpg in Resources */ = {isa = PBXBuildFile; fileRef = 228ADA111D5F28370084A827 /* 7.jpg */; };
		22968EAE1D5DAD4E008EDE93 /* GGCMTView.m in Sources */ = {isa = PBXBuildFile; fileRef = 22968EAD1D5DAD4E008EDE93 /* GGCMTView.m */; };
		22C9ADD41DE7E241005D52FE /* 8.png in Resources */ = {isa = PBXBuildFile; fileRef = 22C9ADCB1DE7E241005D52FE /* 8.png */; };
		22C9ADD51DE7E241005D52FE /* 9.png in Resources */ = {isa = PBXBuildFile; fileRef = 22C9ADCC1DE7E241005D52FE /* 9.png */; };
		22C9ADD61DE7E241005D52FE /* 10.png in Resources */ = {isa = PBXBuildFile; fileRef = 22C9ADCD1DE7E241005D52FE /* 10.png */; };
		22C9ADD71DE7E241005D52FE /* 11.png in Resources */ = {isa = PBXBuildFile; fileRef = 22C9ADCE1DE7E241005D52FE /* 11.png */; };
		22C9ADD81DE7E241005D52FE /* 12.png in Resources */ = {isa = PBXBuildFile; fileRef = 22C9ADCF1DE7E241005D52FE /* 12.png */; };
		22C9ADD91DE7E241005D52FE /* 13.png in Resources */ = {isa = PBXBuildFile; fileRef = 22C9ADD01DE7E241005D52FE /* 13.png */; };
		22C9ADDA1DE7E241005D52FE /* 14.png in Resources */ = {isa = PBXBuildFile; fileRef = 22C9ADD11DE7E241005D52FE /* 14.png */; };
		22C9ADDB1DE7E241005D52FE /* 15.png in Resources */ = {isa = PBXBuildFile; fileRef = 22C9ADD21DE7E241005D52FE /* 15.png */; };
		22C9ADDC1DE7E241005D52FE /* 16.png in Resources */ = {isa = PBXBuildFile; fileRef = 22C9ADD31DE7E241005D52FE /* 16.png */; };
/* End PBXBuildFile section */

/* Begin PBXFileReference section */
		22091D4B1D59751C001266CA /* Test.app */ = {isa = PBXFileReference; explicitFileType = wrapper.application; includeInIndex = 0; path = Test.app; sourceTree = BUILT_PRODUCTS_DIR; };
		22091D4F1D59751C001266CA /* main.m */ = {isa = PBXFileReference; lastKnownFileType = sourcecode.c.objc; path = main.m; sourceTree = "<group>"; };
		22091D511D59751C001266CA /* AppDelegate.h */ = {isa = PBXFileReference; lastKnownFileType = sourcecode.c.h; path = AppDelegate.h; sourceTree = "<group>"; };
		22091D521D59751C001266CA /* AppDelegate.m */ = {isa = PBXFileReference; lastKnownFileType = sourcecode.c.objc; path = AppDelegate.m; sourceTree = "<group>"; };
		22091D541D59751C001266CA /* ViewController.h */ = {isa = PBXFileReference; lastKnownFileType = sourcecode.c.h; path = ViewController.h; sourceTree = "<group>"; };
		22091D551D59751C001266CA /* ViewController.m */ = {isa = PBXFileReference; lastKnownFileType = sourcecode.c.objc; path = ViewController.m; sourceTree = "<group>"; };
		22091D581D59751C001266CA /* Base */ = {isa = PBXFileReference; lastKnownFileType = file.storyboard; name = Base; path = Base.lproj/Main.storyboard; sourceTree = "<group>"; };
		22091D5A1D59751C001266CA /* Assets.xcassets */ = {isa = PBXFileReference; lastKnownFileType = folder.assetcatalog; path = Assets.xcassets; sourceTree = "<group>"; };
		22091D5D1D59751C001266CA /* Base */ = {isa = PBXFileReference; lastKnownFileType = file.storyboard; name = Base; path = Base.lproj/LaunchScreen.storyboard; sourceTree = "<group>"; };
		22091D5F1D59751C001266CA /* Info.plist */ = {isa = PBXFileReference; lastKnownFileType = text.plist.xml; path = Info.plist; sourceTree = "<group>"; };
		22091D6B1D59811B001266CA /* UIView+Frame.h */ = {isa = PBXFileReference; fileEncoding = 4; lastKnownFileType = sourcecode.c.h; path = "UIView+Frame.h"; sourceTree = "<group>"; };
		22091D6C1D59811B001266CA /* UIView+Frame.m */ = {isa = PBXFileReference; fileEncoding = 4; lastKnownFileType = sourcecode.c.objc; path = "UIView+Frame.m"; sourceTree = "<group>"; };
		22091D711D59BC7F001266CA /* CustomTableViewCell.h */ = {isa = PBXFileReference; fileEncoding = 4; lastKnownFileType = sourcecode.c.h; path = CustomTableViewCell.h; sourceTree = "<group>"; };
		22091D721D59BC7F001266CA /* CustomTableViewCell.m */ = {isa = PBXFileReference; fileEncoding = 4; lastKnownFileType = sourcecode.c.objc; path = CustomTableViewCell.m; sourceTree = "<group>"; };
		22091D731D59BC7F001266CA /* CustomTableViewCell.xib */ = {isa = PBXFileReference; fileEncoding = 4; lastKnownFileType = file.xib; path = CustomTableViewCell.xib; sourceTree = "<group>"; };
		225097BB1DAC83CB0003E1FF /* RSATool.h */ = {isa = PBXFileReference; fileEncoding = 4; lastKnownFileType = sourcecode.c.h; path = RSATool.h; sourceTree = "<group>"; };
		225097BC1DAC83CB0003E1FF /* RSATool.m */ = {isa = PBXFileReference; fileEncoding = 4; lastKnownFileType = sourcecode.c.objc; path = RSATool.m; sourceTree = "<group>"; };
		225097BF1DAC87180003E1FF /* Security.framework */ = {isa = PBXFileReference; lastKnownFileType = wrapper.framework; name = Security.framework; path = System/Library/Frameworks/Security.framework; sourceTree = SDKROOT; };
		225097C11DAC940A0003E1FF /* Test.entitlements */ = {isa = PBXFileReference; lastKnownFileType = text.plist.entitlements; path = Test.entitlements; sourceTree = "<group>"; };
		225098131DACAB5F0003E1FF /* Base64.h */ = {isa = PBXFileReference; fileEncoding = 4; lastKnownFileType = sourcecode.c.h; path = Base64.h; sourceTree = "<group>"; };
		225098141DACAB5F0003E1FF /* Base64.m */ = {isa = PBXFileReference; fileEncoding = 4; lastKnownFileType = sourcecode.c.objc; path = Base64.m; sourceTree = "<group>"; };
		228ADA0B1D5F28370084A827 /* 1.jpg */ = {isa = PBXFileReference; lastKnownFileType = image.jpeg; path = 1.jpg; sourceTree = "<group>"; };
		228ADA0C1D5F28370084A827 /* 2.jpg */ = {isa = PBXFileReference; lastKnownFileType = image.jpeg; path = 2.jpg; sourceTree = "<group>"; };
		228ADA0D1D5F28370084A827 /* 3.jpg */ = {isa = PBXFileReference; lastKnownFileType = image.jpeg; path = 3.jpg; sourceTree = "<group>"; };
		228ADA0E1D5F28370084A827 /* 4.jpg */ = {isa = PBXFileReference; lastKnownFileType = image.jpeg; path = 4.jpg; sourceTree = "<group>"; };
		228ADA0F1D5F28370084A827 /* 5.jpg */ = {isa = PBXFileReference; lastKnownFileType = image.jpeg; path = 5.jpg; sourceTree = "<group>"; };
		228ADA101D5F28370084A827 /* 6.jpg */ = {isa = PBXFileReference; lastKnownFileType = image.jpeg; path = 6.jpg; sourceTree = "<group>"; };
		228ADA111D5F28370084A827 /* 7.jpg */ = {isa = PBXFileReference; lastKnownFileType = image.jpeg; path = 7.jpg; sourceTree = "<group>"; };
		22968EAC1D5DAD4E008EDE93 /* GGCMTView.h */ = {isa = PBXFileReference; fileEncoding = 4; lastKnownFileType = sourcecode.c.h; path = GGCMTView.h; sourceTree = "<group>"; };
		22968EAD1D5DAD4E008EDE93 /* GGCMTView.m */ = {isa = PBXFileReference; fileEncoding = 4; lastKnownFileType = sourcecode.c.objc; path = GGCMTView.m; sourceTree = "<group>"; };
		22C9ADCB1DE7E241005D52FE /* 8.png */ = {isa = PBXFileReference; lastKnownFileType = image.png; path = 8.png; sourceTree = "<group>"; };
		22C9ADCC1DE7E241005D52FE /* 9.png */ = {isa = PBXFileReference; lastKnownFileType = image.png; path = 9.png; sourceTree = "<group>"; };
		22C9ADCD1DE7E241005D52FE /* 10.png */ = {isa = PBXFileReference; lastKnownFileType = image.png; path = 10.png; sourceTree = "<group>"; };
		22C9ADCE1DE7E241005D52FE /* 11.png */ = {isa = PBXFileReference; lastKnownFileType = image.png; path = 11.png; sourceTree = "<group>"; };
		22C9ADCF1DE7E241005D52FE /* 12.png */ = {isa = PBXFileReference; lastKnownFileType = image.png; path = 12.png; sourceTree = "<group>"; };
		22C9ADD01DE7E241005D52FE /* 13.png */ = {isa = PBXFileReference; lastKnownFileType = image.png; path = 13.png; sourceTree = "<group>"; };
		22C9ADD11DE7E241005D52FE /* 14.png */ = {isa = PBXFileReference; lastKnownFileType = image.png; path = 14.png; sourceTree = "<group>"; };
		22C9ADD21DE7E241005D52FE /* 15.png */ = {isa = PBXFileReference; lastKnownFileType = image.png; path = 15.png; sourceTree = "<group>"; };
		22C9ADD31DE7E241005D52FE /* 16.png */ = {isa = PBXFileReference; lastKnownFileType = image.png; path = 16.png; sourceTree = "<group>"; };
/* End PBXFileReference section */

/* Begin PBXFrameworksBuildPhase section */
		22091D481D59751C001266CA /* Frameworks */ = {
			isa = PBXFrameworksBuildPhase;
			buildActionMask = 2147483647;
			files = (
				225097C01DAC87180003E1FF /* Security.framework in Frameworks */,
			);
			runOnlyForDeploymentPostprocessing = 0;
		};
/* End PBXFrameworksBuildPhase section */

/* Begin PBXGroup section */
		22091D421D59751C001266CA = {
			isa = PBXGroup;
			children = (
				22091D4D1D59751C001266CA /* Test */,
				22091D4C1D59751C001266CA /* Products */,
				225097BE1DAC87180003E1FF /* Frameworks */,
			);
			sourceTree = "<group>";
		};
		22091D4C1D59751C001266CA /* Products */ = {
			isa = PBXGroup;
			children = (
				22091D4B1D59751C001266CA /* Test.app */,
			);
			name = Products;
			sourceTree = "<group>";
		};
		22091D4D1D59751C001266CA /* Test */ = {
			isa = PBXGroup;
			children = (
				225097C11DAC940A0003E1FF /* Test.entitlements */,
				228ADA0A1D5F28370084A827 /* resource */,
				22968EAC1D5DAD4E008EDE93 /* GGCMTView.h */,
				22968EAD1D5DAD4E008EDE93 /* GGCMTView.m */,
				225098131DACAB5F0003E1FF /* Base64.h */,
				225098141DACAB5F0003E1FF /* Base64.m */,
				22091D6B1D59811B001266CA /* UIView+Frame.h */,
				22091D6C1D59811B001266CA /* UIView+Frame.m */,
				225097BB1DAC83CB0003E1FF /* RSATool.h */,
				225097BC1DAC83CB0003E1FF /* RSATool.m */,
				22091D511D59751C001266CA /* AppDelegate.h */,
				22091D521D59751C001266CA /* AppDelegate.m */,
				22091D711D59BC7F001266CA /* CustomTableViewCell.h */,
				22091D721D59BC7F001266CA /* CustomTableViewCell.m */,
				22091D731D59BC7F001266CA /* CustomTableViewCell.xib */,
				22091D541D59751C001266CA /* ViewController.h */,
				22091D551D59751C001266CA /* ViewController.m */,
				22091D571D59751C001266CA /* Main.storyboard */,
				22091D5A1D59751C001266CA /* Assets.xcassets */,
				22091D5C1D59751C001266CA /* LaunchScreen.storyboard */,
				22091D5F1D59751C001266CA /* Info.plist */,
				22091D4E1D59751C001266CA /* Supporting Files */,
			);
			path = Test;
			sourceTree = "<group>";
		};
		22091D4E1D59751C001266CA /* Supporting Files */ = {
			isa = PBXGroup;
			children = (
				22091D4F1D59751C001266CA /* main.m */,
			);
			name = "Supporting Files";
			sourceTree = "<group>";
		};
		225097BE1DAC87180003E1FF /* Frameworks */ = {
			isa = PBXGroup;
			children = (
				225097BF1DAC87180003E1FF /* Security.framework */,
			);
			name = Frameworks;
			sourceTree = "<group>";
		};
		228ADA0A1D5F28370084A827 /* resource */ = {
			isa = PBXGroup;
			children = (
				22C9ADCB1DE7E241005D52FE /* 8.png */,
				22C9ADCC1DE7E241005D52FE /* 9.png */,
				22C9ADCD1DE7E241005D52FE /* 10.png */,
				22C9ADCE1DE7E241005D52FE /* 11.png */,
				22C9ADCF1DE7E241005D52FE /* 12.png */,
				22C9ADD01DE7E241005D52FE /* 13.png */,
				22C9ADD11DE7E241005D52FE /* 14.png */,
				22C9ADD21DE7E241005D52FE /* 15.png */,
				22C9ADD31DE7E241005D52FE /* 16.png */,
				228ADA0B1D5F28370084A827 /* 1.jpg */,
				228ADA0C1D5F28370084A827 /* 2.jpg */,
				228ADA0D1D5F28370084A827 /* 3.jpg */,
				228ADA0E1D5F28370084A827 /* 4.jpg */,
				228ADA0F1D5F28370084A827 /* 5.jpg */,
				228ADA101D5F28370084A827 /* 6.jpg */,
				228ADA111D5F28370084A827 /* 7.jpg */,
			);
			path = resource;
			sourceTree = "<group>";
		};
/* End PBXGroup section */

/* Begin PBXNativeTarget section */
		22091D4A1D59751C001266CA /* Test */ = {
			isa = PBXNativeTarget;
			buildConfigurationList = 22091D621D59751C001266CA /* Build configuration list for PBXNativeTarget "Test" */;
			buildPhases = (
				22091D471D59751C001266CA /* Sources */,
				22091D481D59751C001266CA /* Frameworks */,
				22091D491D59751C001266CA /* Resources */,
			);
			buildRules = (
			);
			dependencies = (
			);
			name = Test;
			productName = Test;
			productReference = 22091D4B1D59751C001266CA /* Test.app */;
			productType = "com.apple.product-type.application";
		};
/* End PBXNativeTarget section */

/* Begin PBXProject section */
		22091D431D59751C001266CA /* Project object */ = {
			isa = PBXProject;
			attributes = {
				LastUpgradeCheck = 0730;
				ORGANIZATIONNAME = Nile;
				TargetAttributes = {
					22091D4A1D59751C001266CA = {
						CreatedOnToolsVersion = 7.3.1;
						DevelopmentTeam = J6546N85NE;
						SystemCapabilities = {
							com.apple.Keychain = {
								enabled = 1;
							};
						};
					};
				};
			};
			buildConfigurationList = 22091D461D59751C001266CA /* Build configuration list for PBXProject "Test" */;
			compatibilityVersion = "Xcode 3.2";
			developmentRegion = English;
			hasScannedForEncodings = 0;
			knownRegions = (
				en,
				Base,
			);
			mainGroup = 22091D421D59751C001266CA;
			productRefGroup = 22091D4C1D59751C001266CA /* Products */;
			projectDirPath = "";
			projectRoot = "";
			targets = (
				22091D4A1D59751C001266CA /* Test */,
			);
		};
/* End PBXProject section */

/* Begin PBXResourcesBuildPhase section */
		22091D491D59751C001266CA /* Resources */ = {
			isa = PBXResourcesBuildPhase;
			buildActionMask = 2147483647;
			files = (
				22C9ADDC1DE7E241005D52FE /* 16.png in Resources */,
				22C9ADD41DE7E241005D52FE /* 8.png in Resources */,
				228ADA181D5F28370084A827 /* 7.jpg in Resources */,
				228ADA151D5F28370084A827 /* 4.jpg in Resources */,
				228ADA131D5F28370084A827 /* 2.jpg in Resources */,
				22C9ADD51DE7E241005D52FE /* 9.png in Resources */,
				22091D5E1D59751C001266CA /* LaunchScreen.storyboard in Resources */,
				228ADA161D5F28370084A827 /* 5.jpg in Resources */,
				228ADA171D5F28370084A827 /* 6.jpg in Resources */,
				22C9ADD61DE7E241005D52FE /* 10.png in Resources */,
				22091D5B1D59751C001266CA /* Assets.xcassets in Resources */,
				22C9ADDB1DE7E241005D52FE /* 15.png in Resources */,
				22C9ADDA1DE7E241005D52FE /* 14.png in Resources */,
				22C9ADD71DE7E241005D52FE /* 11.png in Resources */,
				22091D751D59BC7F001266CA /* CustomTableViewCell.xib in Resources */,
				22C9ADD81DE7E241005D52FE /* 12.png in Resources */,
				22C9ADD91DE7E241005D52FE /* 13.png in Resources */,
				22091D591D59751C001266CA /* Main.storyboard in Resources */,
				228ADA141D5F28370084A827 /* 3.jpg in Resources */,
				228ADA121D5F28370084A827 /* 1.jpg in Resources */,
			);
			runOnlyForDeploymentPostprocessing = 0;
		};
/* End PBXResourcesBuildPhase section */

/* Begin PBXSourcesBuildPhase section */
		22091D471D59751C001266CA /* Sources */ = {
			isa = PBXSourcesBuildPhase;
			buildActionMask = 2147483647;
			files = (
				225098171DACAB5F0003E1FF /* Base64.m in Sources */,
				22091D6D1D59811B001266CA /* UIView+Frame.m in Sources */,
				22091D561D59751C001266CA /* ViewController.m in Sources */,
				225097BD1DAC83CB0003E1FF /* RSATool.m in Sources */,
				22968EAE1D5DAD4E008EDE93 /* GGCMTView.m in Sources */,
				22091D741D59BC7F001266CA /* CustomTableViewCell.m in Sources */,
				22091D531D59751C001266CA /* AppDelegate.m in Sources */,
				22091D501D59751C001266CA /* main.m in Sources */,
			);
			runOnlyForDeploymentPostprocessing = 0;
		};
/* End PBXSourcesBuildPhase section */

/* Begin PBXVariantGroup section */
		22091D571D59751C001266CA /* Main.storyboard */ = {
			isa = PBXVariantGroup;
			children = (
				22091D581D59751C001266CA /* Base */,
			);
			name = Main.storyboard;
			sourceTree = "<group>";
		};
		22091D5C1D59751C001266CA /* LaunchScreen.storyboard */ = {
			isa = PBXVariantGroup;
			children = (
				22091D5D1D59751C001266CA /* Base */,
			);
			name = LaunchScreen.storyboard;
			sourceTree = "<group>";
		};
/* End PBXVariantGroup section */

/* Begin XCBuildConfiguration section */
		22091D601D59751C001266CA /* Debug */ = {
			isa = XCBuildConfiguration;
			buildSettings = {
				ALWAYS_SEARCH_USER_PATHS = NO;
				CLANG_ANALYZER_NONNULL = YES;
				CLANG_CXX_LANGUAGE_STANDARD = "gnu++0x";
				CLANG_CXX_LIBRARY = "libc++";
				CLANG_ENABLE_MODULES = YES;
				CLANG_ENABLE_OBJC_ARC = YES;
				CLANG_WARN_BOOL_CONVERSION = YES;
				CLANG_WARN_CONSTANT_CONVERSION = YES;
				CLANG_WARN_DIRECT_OBJC_ISA_USAGE = YES_ERROR;
				CLANG_WARN_EMPTY_BODY = YES;
				CLANG_WARN_ENUM_CONVERSION = YES;
				CLANG_WARN_INT_CONVERSION = YES;
				CLANG_WARN_OBJC_ROOT_CLASS = YES_ERROR;
				CLANG_WARN_UNREACHABLE_CODE = YES;
				CLANG_WARN__DUPLICATE_METHOD_MATCH = YES;
				"CODE_SIGN_IDENTITY[sdk=iphoneos*]" = "iPhone Developer";
				COPY_PHASE_STRIP = NO;
				DEBUG_INFORMATION_FORMAT = dwarf;
				ENABLE_STRICT_OBJC_MSGSEND = YES;
				ENABLE_TESTABILITY = YES;
				GCC_C_LANGUAGE_STANDARD = gnu99;
				GCC_DYNAMIC_NO_PIC = NO;
				GCC_NO_COMMON_BLOCKS = YES;
				GCC_OPTIMIZATION_LEVEL = 0;
				GCC_PREPROCESSOR_DEFINITIONS = (
					"DEBUG=1",
					"$(inherited)",
				);
				GCC_WARN_64_TO_32_BIT_CONVERSION = YES;
				GCC_WARN_ABOUT_RETURN_TYPE = YES_ERROR;
				GCC_WARN_UNDECLARED_SELECTOR = YES;
				GCC_WARN_UNINITIALIZED_AUTOS = YES_AGGRESSIVE;
				GCC_WARN_UNUSED_FUNCTION = YES;
				GCC_WARN_UNUSED_VARIABLE = YES;
				IPHONEOS_DEPLOYMENT_TARGET = 9.3;
				MTL_ENABLE_DEBUG_INFO = YES;
				ONLY_ACTIVE_ARCH = YES;
				SDKROOT = iphoneos;
				TARGETED_DEVICE_FAMILY = "1,2";
			};
			name = Debug;
		};
		22091D611D59751C001266CA /* Release */ = {
			isa = XCBuildConfiguration;
			buildSettings = {
				ALWAYS_SEARCH_USER_PATHS = NO;
				CLANG_ANALYZER_NONNULL = YES;
				CLANG_CXX_LANGUAGE_STANDARD = "gnu++0x";
				CLANG_CXX_LIBRARY = "libc++";
				CLANG_ENABLE_MODULES = YES;
				CLANG_ENABLE_OBJC_ARC = YES;
				CLANG_WARN_BOOL_CONVERSION = YES;
				CLANG_WARN_CONSTANT_CONVERSION = YES;
				CLANG_WARN_DIRECT_OBJC_ISA_USAGE = YES_ERROR;
				CLANG_WARN_EMPTY_BODY = YES;
				CLANG_WARN_ENUM_CONVERSION = YES;
				CLANG_WARN_INT_CONVERSION = YES;
				CLANG_WARN_OBJC_ROOT_CLASS = YES_ERROR;
				CLANG_WARN_UNREACHABLE_CODE = YES;
				CLANG_WARN__DUPLICATE_METHOD_MATCH = YES;
				"CODE_SIGN_IDENTITY[sdk=iphoneos*]" = "iPhone Developer";
				COPY_PHASE_STRIP = NO;
				DEBUG_INFORMATION_FORMAT = "dwarf-with-dsym";
				ENABLE_NS_ASSERTIONS = NO;
				ENABLE_STRICT_OBJC_MSGSEND = YES;
				GCC_C_LANGUAGE_STANDARD = gnu99;
				GCC_NO_COMMON_BLOCKS = YES;
				GCC_WARN_64_TO_32_BIT_CONVERSION = YES;
				GCC_WARN_ABOUT_RETURN_TYPE = YES_ERROR;
				GCC_WARN_UNDECLARED_SELECTOR = YES;
				GCC_WARN_UNINITIALIZED_AUTOS = YES_AGGRESSIVE;
				GCC_WARN_UNUSED_FUNCTION = YES;
				GCC_WARN_UNUSED_VARIABLE = YES;
				IPHONEOS_DEPLOYMENT_TARGET = 9.3;
				MTL_ENABLE_DEBUG_INFO = NO;
				SDKROOT = iphoneos;
				TARGETED_DEVICE_FAMILY = "1,2";
				VALIDATE_PRODUCT = YES;
			};
			name = Release;
		};
		22091D631D59751C001266CA /* Debug */ = {
			isa = XCBuildConfiguration;
			buildSettings = {
				ASSETCATALOG_COMPILER_APPICON_NAME = AppIcon;
				CODE_SIGN_ENTITLEMENTS = Test/Test.entitlements;
				DEVELOPMENT_TEAM = J6546N85NE;
				HEADER_SEARCH_PATHS = "$(PROJECT_DIR)/Test/include";
				INFOPLIST_FILE = Test/Info.plist;
				LD_RUNPATH_SEARCH_PATHS = "$(inherited) @executable_path/Frameworks";
				LIBRARY_SEARCH_PATHS = (
					"$(inherited)",
					"$(PROJECT_DIR)/Test/include",
				);
				PRODUCT_BUNDLE_IDENTIFIER = com.Nile.Test;
				PRODUCT_NAME = "$(TARGET_NAME)";
			};
			name = Debug;
		};
		22091D641D59751C001266CA /* Release */ = {
			isa = XCBuildConfiguration;
			buildSettings = {
				ASSETCATALOG_COMPILER_APPICON_NAME = AppIcon;
				CODE_SIGN_ENTITLEMENTS = Test/Test.entitlements;
				DEVELOPMENT_TEAM = J6546N85NE;
				HEADER_SEARCH_PATHS = "$(PROJECT_DIR)/Test/include";
				INFOPLIST_FILE = Test/Info.plist;
				LD_RUNPATH_SEARCH_PATHS = "$(inherited) @executable_path/Frameworks";
				LIBRARY_SEARCH_PATHS = (
					"$(inherited)",
					"$(PROJECT_DIR)/Test/include",
				);
				PRODUCT_BUNDLE_IDENTIFIER = com.Nile.Test;
				PRODUCT_NAME = "$(TARGET_NAME)";
			};
			name = Release;
		};
/* End XCBuildConfiguration section */

/* Begin XCConfigurationList section */
		22091D461D59751C001266CA /* Build configuration list for PBXProject "Test" */ = {
			isa = XCConfigurationList;
			buildConfigurations = (
				22091D601D59751C001266CA /* Debug */,
				22091D611D59751C001266CA /* Release */,
			);
			defaultConfigurationIsVisible = 0;
			defaultConfigurationName = Release;
		};
		22091D621D59751C001266CA /* Build configuration list for PBXNativeTarget "Test" */ = {
			isa = XCConfigurationList;
			buildConfigurations = (
				22091D631D59751C001266CA /* Debug */,
				22091D641D59751C001266CA /* Release */,
			);
			defaultConfigurationIsVisible = 0;
			defaultConfigurationName = Release;
		};
/* End XCConfigurationList section */
	};
	rootObject = 22091D431D59751C001266CA /* Project object */;
}
